
Microsoft Visual Studio Solution File, Format Version 12.00
# Visual Studio 15
VisualStudioVersion = 15.0.28307.779
MinimumVisualStudioVersion = 10.0.40219.1
Project("{FAE04EC0-301F-11D3-BF4B-00C04F79EFBC}") = "TesterApp", "TesterApp\TesterApp.csproj", "{DCF813D7-B880-43BB-9C83-AB910455DD0A}"
EndProject
Project("{8BC9CEB8-8B4A-11D0-8D11-00A0C91BC942}") = "NumberOperators", "NumbersAdder\NumbersAdder.vcxproj", "{F971D430-EA7E-4882-A8C7-88AE730E8562}"
EndProject
Global
	GlobalSection(SolutionConfigurationPlatforms) = preSolution
		Debug|Any CPU = Debug|Any CPU
		Debug|x64 = Debug|x64
		Debug|x86 = Debug|x86
		Release|Any CPU = Release|Any CPU
		Release|x64 = Release|x64
		Release|x86 = Release|x86
	EndGlobalSection
	GlobalSection(ProjectConfigurationPlatforms) = postSolution
		{DCF813D7-B880-43BB-9C83-AB910455DD0A}.Debug|Any CPU.ActiveCfg = Debug|Any CPU
		{DCF813D7-B880-43BB-9C83-AB910455DD0A}.Debug|Any CPU.Build.0 = Debug|Any CPU
		{DCF813D7-B880-43BB-9C83-AB910455DD0A}.Debug|x64.ActiveCfg = Debug|Any CPU
		{DCF813D7-B880-43BB-9C83-AB910455DD0A}.Debug|x64.Build.0 = Debug|Any CPU
		{DCF813D7-B880-43BB-9C83-AB910455DD0A}.Debug|x86.ActiveCfg = Debug|Any CPU
		{DCF813D7-B880-43BB-9C83-AB910455DD0A}.Debug|x86.Build.0 = Debug|Any CPU
		{DCF813D7-B880-43BB-9C83-AB910455DD0A}.Release|Any CPU.ActiveCfg = Release|Any CPU
		{DCF813D7-B880-43BB-9C83-AB910455DD0A}.Release|Any CPU.Build.0 = Release|Any CPU
		{DCF813D7-B880-43BB-9C83-AB910455DD0A}.Release|x64.ActiveCfg = Release|Any CPU
		{DCF813D7-B880-43BB-9C83-AB910455DD0A}.Release|x64.Build.0 = Release|Any CPU
		{DCF813D7-B880-43BB-9C83-AB910455DD0A}.Release|x86.ActiveCfg = Release|Any CPU
		{DCF813D7-B880-43BB-9C83-AB910455DD0A}.Release|x86.Build.0 = Release|Any CPU
		{F971D430-EA7E-4882-A8C7-88AE730E8562}.Debug|Any CPU.ActiveCfg = Debug|Win32
		{F971D430-EA7E-4882-A8C7-88AE730E8562}.Debug|Any CPU.Build.0 = Debug|Win32
		{F971D430-EA7E-4882-A8C7-88AE730E8562}.Debug|x64.ActiveCfg = Debug|x64
		{F971D430-EA7E-4882-A8C7-88AE730E8562}.Debug|x64.Build.0 = Debug|x64
		{F971D430-EA7E-4882-A8C7-88AE730E8562}.Debug|x86.ActiveCfg = Debug|Win32
		{F971D430-EA7E-4882-A8C7-88AE730E8562}.Debug|x86.Build.0 = Debug|Win32
		{F971D430-EA7E-4882-A8C7-88AE730E8562}.Release|Any CPU.ActiveCfg = Release|Win32
		{F971D430-EA7E-4882-A8C7-88AE730E8562}.Release|x64.ActiveCfg = Release|x64
		{F971D430-EA7E-4882-A8C7-88AE730E8562}.Release|x64.Build.0 = Release|x64
		{F971D430-EA7E-4882-A8C7-88AE730E8562}.Release|x86.ActiveCfg = Release|Win32
		{F971D430-EA7E-4882-A8C7-88AE730E8562}.Release|x86.Build.0 = Release|Win32
	EndGlobalSection
	GlobalSection(SolutionProperties) = preSolution
		HideSolutionNode = FALSE
	EndGlobalSection
	GlobalSection(ExtensibilityGlobals) = postSolution
		SolutionGuid = {683A5A30-F5DA-4C4E-9106-550B496762D9}
	EndGlobalSection
EndGlobal
